# This file is automatically @generated by Poetry 1.8.3 and should not be changed by hand.

[[package]]
name = "co2meter"
version = "0.2.6"
description = "Python interface to the USB CO2 monitor"
optional = false
python-versions = "*"
files = [
    {file = "CO2meter-0.2.6-py3-none-any.whl", hash = "sha256:fcd8341b62f382b9d1a46aba783bcbd35785a035a88d69314a269b43def1e375"},
    {file = "CO2meter-0.2.6.tar.gz", hash = "sha256:a12a15bafcc05a508dde944fb818e06377ecb63c2037e87b73a92b92d3a3128f"},
]

[package.dependencies]
future = "*"
hidapi = "*"

[[package]]
name = "future"
version = "1.0.0"
description = "Clean single-source support for Python 3 and 2"
optional = false
python-versions = ">=2.6, !=3.0.*, !=3.1.*, !=3.2.*"
files = [
    {file = "future-1.0.0-py3-none-any.whl", hash = "sha256:929292d34f5872e70396626ef385ec22355a1fae8ad29e1a734c3e43f9fbc216"},
    {file = "future-1.0.0.tar.gz", hash = "sha256:bd2968309307861edae1458a4f8a4f3598c03be43b97521076aebf5d94c07b05"},
]

[[package]]
name = "hidapi"
version = "0.14.0.post2"
description = "A Cython interface to the hidapi from https://github.com/libusb/hidapi"
optional = false
python-versions = "*"
files = [
    {file = "hidapi-0.14.0.post2-cp310-cp310-macosx_10_9_x86_64.whl", hash = "sha256:023bca2a95856c185b01978b3794a8302e5a38cf1a8fa7b9c14c537b928ec762"},
    {file = "hidapi-0.14.0.post2-cp310-cp310-macosx_11_0_arm64.whl", hash = "sha256:8f6c27a5efd629dde57c97bb621bfe87fd40ece01c3c80ca8f937cfd8023adbe"},
    {file = "hidapi-0.14.0.post2-cp310-cp310-manylinux_2_17_aarch64.manylinux2014_aarch64.whl", hash = "sha256:5fe7645dfb3d577428023ea855664602d55dacdcf474c059217c6f5cc175bcd6"},
    {file = "hidapi-0.14.0.post2-cp310-cp310-manylinux_2_17_i686.manylinux2014_i686.whl", hash = "sha256:b606a4123a296f63a0e8d9904ddbed6b90957f454cb3df315684eac43bedc1e6"},
    {file = "hidapi-0.14.0.post2-cp310-cp310-manylinux_2_17_x86_64.manylinux2014_x86_64.whl", hash = "sha256:20b981c6828b92ac8c5e2fb3182fe95c528dc8355d298ec457ae8773dc1ffb2a"},
    {file = "hidapi-0.14.0.post2-cp310-cp310-musllinux_1_2_aarch64.whl", hash = "sha256:8b000a44176e09ab2921aa1402efbaa84c708786c3e825b64fbac294353b373e"},
    {file = "hidapi-0.14.0.post2-cp310-cp310-musllinux_1_2_i686.whl", hash = "sha256:fd985ca84d7abd0d8fa57a5f1639d14292429028588b19f58b729b02c0ea9928"},
    {file = "hidapi-0.14.0.post2-cp310-cp310-musllinux_1_2_x86_64.whl", hash = "sha256:ad21f0da766df0177d2d8bc06c8fd65303a37f79d2890e8133980080e1159eb0"},
    {file = "hidapi-0.14.0.post2-cp310-cp310-win32.whl", hash = "sha256:4379f218712f9800c6d89c17902da5ebb06c1e6afde66aaf2d8bd0f5f6fb9232"},
    {file = "hidapi-0.14.0.post2-cp310-cp310-win_amd64.whl", hash = "sha256:4635c294a2ccfe1e862ba324dc4a5c068fd989c138b09880052a5903b37e0d54"},
    {file = "hidapi-0.14.0.post2-cp311-cp311-macosx_10_9_x86_64.whl", hash = "sha256:4d3ca0ff9179bfa2337b36eaa6a4f1a3e4c8e643cf698adfef65700bffb6fe5c"},
    {file = "hidapi-0.14.0.post2-cp311-cp311-macosx_11_0_arm64.whl", hash = "sha256:3b1bca2741492c67a6cb4d7b57c0db734543556b369d3604505c62a47607767f"},
    {file = "hidapi-0.14.0.post2-cp311-cp311-manylinux_2_17_aarch64.manylinux2014_aarch64.whl", hash = "sha256:ef474da943187befd9a55270ba521f42930565b84bd59caa276adeda29669853"},
    {file = "hidapi-0.14.0.post2-cp311-cp311-manylinux_2_17_i686.manylinux2014_i686.whl", hash = "sha256:4a6991f55aebd3f84cc924fd838e0052422a5a3921f5d7df0ce6c9600f09db9a"},
    {file = "hidapi-0.14.0.post2-cp311-cp311-manylinux_2_17_x86_64.manylinux2014_x86_64.whl", hash = "sha256:f95340c0d69245820a2075d516df9a99c466d92db29fa78df5f13d9cfee4716d"},
    {file = "hidapi-0.14.0.post2-cp311-cp311-musllinux_1_2_aarch64.whl", hash = "sha256:5ebdc20915c6256c738116a3491bc5194d74233bb6a4ad7d05983dfec54a22f2"},
    {file = "hidapi-0.14.0.post2-cp311-cp311-musllinux_1_2_i686.whl", hash = "sha256:04fd0c791af679dc6de02205f5fe321e46b7cae0e8d10d7f579abb8bcca0c595"},
    {file = "hidapi-0.14.0.post2-cp311-cp311-musllinux_1_2_x86_64.whl", hash = "sha256:70038c3bd26c2ec7520964d9cfe5df81928ff34a2821e83914c28a9d4d8550b7"},
    {file = "hidapi-0.14.0.post2-cp311-cp311-win32.whl", hash = "sha256:bfe65ee33f0ecafde4e742fd7c8482a914bcd0bc69c04edf40788c714eec865d"},
    {file = "hidapi-0.14.0.post2-cp311-cp311-win_amd64.whl", hash = "sha256:c79d60d42b3437e0553052de108253db0e9e4a5c432996d95028d219afd4a3f3"},
    {file = "hidapi-0.14.0.post2-cp312-cp312-macosx_10_9_x86_64.whl", hash = "sha256:5eaa04f8fb7b5d9d7e3eeb502317941559ecfc4a76d2527ee0d1d835794ac5aa"},
    {file = "hidapi-0.14.0.post2-cp312-cp312-macosx_11_0_arm64.whl", hash = "sha256:c6e81890f51bae29ae81c3ff02fed754d05f69a408fa038ff1056aec90c56333"},
    {file = "hidapi-0.14.0.post2-cp312-cp312-manylinux_2_17_aarch64.manylinux2014_aarch64.whl", hash = "sha256:511ccf1fa7f159b95d31d9fb718ebfc35322252d7355a3afaa724b65cdbbeff6"},
    {file = "hidapi-0.14.0.post2-cp312-cp312-manylinux_2_17_i686.manylinux2014_i686.whl", hash = "sha256:eecc24722c561348c04f3f0819534028a7dd2e35a16f195625e2465f95fb8c6f"},
    {file = "hidapi-0.14.0.post2-cp312-cp312-manylinux_2_17_x86_64.manylinux2014_x86_64.whl", hash = "sha256:b5b979408ba1c65ea7e39e35e6cb9d29705265ebfca568627333876f7a030818"},
    {file = "hidapi-0.14.0.post2-cp312-cp312-musllinux_1_2_aarch64.whl", hash = "sha256:556f99a3887065f0e86fb4b3968800c34fa25e6ea54047ef850ee639c69032da"},
    {file = "hidapi-0.14.0.post2-cp312-cp312-musllinux_1_2_i686.whl", hash = "sha256:59465c87f028e70162f04d3e69014cd03bb2a4ceed7db6d0a160ec9627fb9324"},
    {file = "hidapi-0.14.0.post2-cp312-cp312-musllinux_1_2_x86_64.whl", hash = "sha256:de561a9336aa92263a4a5757deffdacb0e04de84590e15a7d5413f574790a210"},
    {file = "hidapi-0.14.0.post2-cp312-cp312-win32.whl", hash = "sha256:6f35ad2007e04d6dd80807d72a66781915da538818587f950cea3c3c36512aa7"},
    {file = "hidapi-0.14.0.post2-cp312-cp312-win_amd64.whl", hash = "sha256:493aad5fe1630f547857ef93a150eb99c07e836b82a340bd0cfdf87f495c983d"},
    {file = "hidapi-0.14.0.post2-cp36-cp36m-macosx_10_9_x86_64.whl", hash = "sha256:6dba51ebd2c31c06f33fefc3cff0f48cb6a0e94015392f09e91a1504cb2b3a32"},
    {file = "hidapi-0.14.0.post2-cp36-cp36m-manylinux_2_17_aarch64.manylinux2014_aarch64.whl", hash = "sha256:127e4f0b048ec9fc08e29596de411bbb856b6f224ecca26b32ded398340f9d4f"},
    {file = "hidapi-0.14.0.post2-cp36-cp36m-manylinux_2_17_i686.manylinux2014_i686.whl", hash = "sha256:f30df6f41d504a7bceeece097e2078ffccb91acdcdc0a553b27377c48f9cffbc"},
    {file = "hidapi-0.14.0.post2-cp36-cp36m-manylinux_2_17_x86_64.manylinux2014_x86_64.whl", hash = "sha256:826dc8b82a094e80538c68a3e0d6b252b765ea49daa9bfbde0221fdb1eead058"},
    {file = "hidapi-0.14.0.post2-cp36-cp36m-musllinux_1_2_aarch64.whl", hash = "sha256:ad280e0db1496d14c471d83c0157f1ac440c06cb143e05096940d397b3ab04ba"},
    {file = "hidapi-0.14.0.post2-cp36-cp36m-musllinux_1_2_i686.whl", hash = "sha256:84e921d9de9dfb39a0cbce4db94d9ea00365f1137f12f24b22fa14170d0efb4b"},
    {file = "hidapi-0.14.0.post2-cp36-cp36m-musllinux_1_2_x86_64.whl", hash = "sha256:b1c2eaa44f86700dba943bf6217157631e3ea836569b6494abfa3fff49f50b0e"},
    {file = "hidapi-0.14.0.post2-cp36-cp36m-win32.whl", hash = "sha256:a1cf34598f7642dc602de88ae1ed80ef5f4efb7e5b054528e33745bdfd93379e"},
    {file = "hidapi-0.14.0.post2-cp36-cp36m-win_amd64.whl", hash = "sha256:5bd9b996882d9542cd1a927fbfc6c5ac34fe3290362050ad68d379b6a100c470"},
    {file = "hidapi-0.14.0.post2-cp37-cp37m-macosx_10_9_x86_64.whl", hash = "sha256:251f93ae3e919bfc06217a2362239982b8d0913b38071b0a9253934275158e10"},
    {file = "hidapi-0.14.0.post2-cp37-cp37m-manylinux_2_17_aarch64.manylinux2014_aarch64.whl", hash = "sha256:39104841a2dce697cb4deeefe0ec08710dfb4258c6b078656989e11d1c62e71a"},
    {file = "hidapi-0.14.0.post2-cp37-cp37m-manylinux_2_17_i686.manylinux2014_i686.whl", hash = "sha256:0a6e7570cee92762a9d6bc785d1ffb221081fc28ba2bcbbd89030cd2757b5773"},
    {file = "hidapi-0.14.0.post2-cp37-cp37m-manylinux_2_17_x86_64.manylinux2014_x86_64.whl", hash = "sha256:92ac5a88cc56f2b30d13cfb4aa208b6c4874a1d3fe80855d092e1c33207eaf27"},
    {file = "hidapi-0.14.0.post2-cp37-cp37m-musllinux_1_2_aarch64.whl", hash = "sha256:fafef403f32514c069cefe9484f255ac6b2bfa11f9160f22da3ffae8c4b01dea"},
    {file = "hidapi-0.14.0.post2-cp37-cp37m-musllinux_1_2_i686.whl", hash = "sha256:07841b71d78e21f15fd2ea9d7d313c7aa088c3415d6cefa1e932353fac6eb0b3"},
    {file = "hidapi-0.14.0.post2-cp37-cp37m-musllinux_1_2_x86_64.whl", hash = "sha256:44438fff75b4ccd158a0ed692dba828a3735ce4963d0ae3a03c4b6dc2a020f18"},
    {file = "hidapi-0.14.0.post2-cp37-cp37m-win32.whl", hash = "sha256:209208db37a061ca08786184bc7060aace9e38bc45de268e60ac808e0f42952c"},
    {file = "hidapi-0.14.0.post2-cp37-cp37m-win_amd64.whl", hash = "sha256:466b4c2222ba58dd6603ca31777b8210d414751ae3a6e16d27d830e6d402a691"},
    {file = "hidapi-0.14.0.post2-cp38-cp38-macosx_10_9_x86_64.whl", hash = "sha256:6110c47d531f9d5e2947619f11623371d3efaade5b1ad81501ed0b6767296bbb"},
    {file = "hidapi-0.14.0.post2-cp38-cp38-macosx_11_0_arm64.whl", hash = "sha256:03926c1e788daff7e038f2d39460348ce5d624a98a72d9d291f619c9fbbb754e"},
    {file = "hidapi-0.14.0.post2-cp38-cp38-manylinux_2_17_aarch64.manylinux2014_aarch64.whl", hash = "sha256:c5526d812a53e3050317003bfa6a923ab1e8d4bf10a75a3ec4e2a6361b9967d2"},
    {file = "hidapi-0.14.0.post2-cp38-cp38-manylinux_2_17_i686.manylinux2014_i686.whl", hash = "sha256:f4b7c2e84ba004140d8555db302daf5d3f9d1d073cbc680b4cd384ee9a943395"},
    {file = "hidapi-0.14.0.post2-cp38-cp38-manylinux_2_17_x86_64.manylinux2014_x86_64.whl", hash = "sha256:f87614ebc0cbc399eb7682a6f1f18f4afd522e2b76df888ddc4305f6ec3af186"},
    {file = "hidapi-0.14.0.post2-cp38-cp38-musllinux_1_2_aarch64.whl", hash = "sha256:857b81b124e6602f77f711b11ce08cb809a7e7e698751b0e09fff26f40571ffe"},
    {file = "hidapi-0.14.0.post2-cp38-cp38-musllinux_1_2_i686.whl", hash = "sha256:0eab40fb174db083233d105fdae17e5efaeb41d887b48fe4cfe98bfe48c03617"},
    {file = "hidapi-0.14.0.post2-cp38-cp38-musllinux_1_2_x86_64.whl", hash = "sha256:a9494327db1e6e5fd6630701cf4cc28da9dc2465d7903e9f2c1e9cf2228f3c50"},
    {file = "hidapi-0.14.0.post2-cp38-cp38-win32.whl", hash = "sha256:10f015eb35e28f5101af5ac16df0f08e0a31912dc8a5704c828d8ff0c3776b0d"},
    {file = "hidapi-0.14.0.post2-cp38-cp38-win_amd64.whl", hash = "sha256:2e604d59634a6162fcfbf16b07d2c6cc6dc278ba260246aa22f0b4ae6dc0e586"},
    {file = "hidapi-0.14.0.post2-cp39-cp39-macosx_10_9_x86_64.whl", hash = "sha256:dc991af741ca3caf582ad1c717ce81c6c4021cbcb237eae534701beb819f867c"},
    {file = "hidapi-0.14.0.post2-cp39-cp39-macosx_11_0_arm64.whl", hash = "sha256:8727975928662fa3d43abcc97acd581a3d4a62d6e701881e3296f40335f1778e"},
    {file = "hidapi-0.14.0.post2-cp39-cp39-manylinux_2_17_aarch64.manylinux2014_aarch64.whl", hash = "sha256:27e68dc10e6a06ba818d5f0cdc90045332784cf485279c18d7a054b22344814f"},
    {file = "hidapi-0.14.0.post2-cp39-cp39-manylinux_2_17_i686.manylinux2014_i686.whl", hash = "sha256:eccc63cd08142791ffa2c213c6f47f3094a267a3ab2c10261704bdad08ecd806"},
    {file = "hidapi-0.14.0.post2-cp39-cp39-manylinux_2_17_x86_64.manylinux2014_x86_64.whl", hash = "sha256:386a9df574ae5715f811eafe5d8207c2eec986543146c27b4beea9957ec95567"},
    {file = "hidapi-0.14.0.post2-cp39-cp39-musllinux_1_2_aarch64.whl", hash = "sha256:91695c2f5ab3f91e27b4e1782cea57a517472b2d57e49a3eec5c86b5fbecd13f"},
    {file = "hidapi-0.14.0.post2-cp39-cp39-musllinux_1_2_i686.whl", hash = "sha256:9de52268c4f29f23061d97020b46d56b03047834897be3bfcb95ebd89d32d636"},
    {file = "hidapi-0.14.0.post2-cp39-cp39-musllinux_1_2_x86_64.whl", hash = "sha256:7f1d6f11234b9a3fcfd1d81e328cd4af09ab4e7e9b251f9eb772542f1ae1fada"},
    {file = "hidapi-0.14.0.post2-cp39-cp39-win32.whl", hash = "sha256:d678979fcffd93d1d2f69ca080f3af994ce8be032bff3d929f45f1cbf2ce74a3"},
    {file = "hidapi-0.14.0.post2-cp39-cp39-win_amd64.whl", hash = "sha256:8e1d0396f415cb5d1cd3a1dfa8c0aa15d14f8849e7e0f9b4782e614128ec15ad"},
    {file = "hidapi-0.14.0.post2.tar.gz", hash = "sha256:6c0e97ba6b059a309d51b495a8f0d5efbcea8756b640d98b6f6bb9fdef2458ac"},
]

[package.dependencies]
setuptools = ">=19.0"

[[package]]
name = "setuptools"
version = "75.1.0"
description = "Easily download, build, install, upgrade, and uninstall Python packages"
optional = false
python-versions = ">=3.8"
files = [
    {file = "setuptools-75.1.0-py3-none-any.whl", hash = "sha256:35ab7fd3bcd95e6b7fd704e4a1539513edad446c097797f2985e0e4b960772f2"},
    {file = "setuptools-75.1.0.tar.gz", hash = "sha256:d59a21b17a275fb872a9c3dae73963160ae079f1049ed956880cd7c09b120538"},
]

[package.extras]
check = ["pytest-checkdocs (>=2.4)", "pytest-ruff (>=0.2.1)", "ruff (>=0.5.2)"]
core = ["importlib-metadata (>=6)", "importlib-resources (>=5.10.2)", "jaraco.collections", "jaraco.functools", "jaraco.text (>=3.7)", "more-itertools", "more-itertools (>=8.8)", "packaging", "packaging (>=24)", "platformdirs (>=2.6.2)", "tomli (>=2.0.1)", "wheel (>=0.43.0)"]
cover = ["pytest-cov"]
doc = ["furo", "jaraco.packaging (>=9.3)", "jaraco.tidelift (>=1.4)", "pygments-github-lexers (==0.0.5)", "pyproject-hooks (!=1.1)", "rst.linker (>=1.9)", "sphinx (>=3.5)", "sphinx-favicon", "sphinx-inline-tabs", "sphinx-lint", "sphinx-notfound-page (>=1,<2)", "sphinx-reredirects", "sphinxcontrib-towncrier", "towncrier (<24.7)"]
enabler = ["pytest-enabler (>=2.2)"]
test = ["build[virtualenv] (>=1.0.3)", "filelock (>=3.4.0)", "ini2toml[lite] (>=0.14)", "jaraco.develop (>=7.21)", "jaraco.envs (>=2.2)", "jaraco.path (>=3.2.0)", "jaraco.test", "packaging (>=23.2)", "pip (>=19.1)", "pyproject-hooks (!=1.1)", "pytest (>=6,!=8.1.*)", "pytest-home (>=0.5)", "pytest-perf", "pytest-subprocess", "pytest-timeout", "pytest-xdist (>=3)", "tomli-w (>=1.0.0)", "virtualenv (>=13.0.0)", "wheel (>=0.44.0)"]
type = ["importlib-metadata (>=7.0.2)", "jaraco.develop (>=7.21)", "mypy (==1.11.*)", "pytest-mypy"]

[[package]]
name = "smbus"
version = "1.1.post2"
description = "Python bindings for Linux SMBus access through i2c-dev"
optional = false
python-versions = "*"
files = [
    {file = "smbus-1.1.post2-cp27-cp27mu-linux_armv7l.whl", hash = "sha256:529f9effc383b6381534d1d845eaf1078bdd2d4e625c945b23cf274d5cf1c306"},
    {file = "smbus-1.1.post2-cp34-cp34m-linux_armv7l.whl", hash = "sha256:39923448455a41c6bbe823de62b191103dd711917056362d9e4b1d2c6ec0f06d"},
    {file = "smbus-1.1.post2-cp35-cp35m-linux_armv7l.whl", hash = "sha256:b467235734ae5c147c4ec0eff1afb9dba189d9d3cc086ed7e0d3dbf0ae485230"},
    {file = "smbus-1.1.post2.tar.gz", hash = "sha256:f96d345e0aa10053a8a4917634f1dc37ba1f656fa5cace7629b71777e90855c6"},
]

[metadata]
lock-version = "2.0"
python-versions = "^3.12"
content-hash = "3ad0ee9f0f598e7d418093d87efc48737f6e04d9a22e82972080c4b28aa32913"
